// !$*UTF8*$!
{
	archiveVersion = 1;
	classes = {
	};
	objectVersion = 56;
	objects = {

/* Begin PBXBuildFile section */
		EA70C6712A9AF2330042690D /* LandmarksApp.swift in Sources */ = {isa = PBXBuildFile; fileRef = EA70C6702A9AF2330042690D /* LandmarksApp.swift */; };
		EA70C6732A9AF2330042690D /* ContentView.swift in Sources */ = {isa = PBXBuildFile; fileRef = EA70C6722A9AF2330042690D /* ContentView.swift */; };
		EA70C6752A9AF2340042690D /* Assets.xcassets in Resources */ = {isa = PBXBuildFile; fileRef = EA70C6742A9AF2340042690D /* Assets.xcassets */; };
		EA70C6782A9AF2340042690D /* Preview Assets.xcassets in Resources */ = {isa = PBXBuildFile; fileRef = EA70C6772A9AF2340042690D /* Preview Assets.xcassets */; };
		EA70C6822A9AF2340042690D /* LandmarksTests.swift in Sources */ = {isa = PBXBuildFile; fileRef = EA70C6812A9AF2340042690D /* LandmarksTests.swift */; };
		EA70C68C2A9AF2340042690D /* LandmarksUITests.swift in Sources */ = {isa = PBXBuildFile; fileRef = EA70C68B2A9AF2340042690D /* LandmarksUITests.swift */; };
		EA70C68E2A9AF2340042690D /* LandmarksUITestsLaunchTests.swift in Sources */ = {isa = PBXBuildFile; fileRef = EA70C68D2A9AF2340042690D /* LandmarksUITestsLaunchTests.swift */; };
		EA70C69B2A9B02730042690D /* CircleImage.swift in Sources */ = {isa = PBXBuildFile; fileRef = EA70C69A2A9B02730042690D /* CircleImage.swift */; };
		EA70C69D2A9B05660042690D /* MapView.swift in Sources */ = {isa = PBXBuildFile; fileRef = EA70C69C2A9B05660042690D /* MapView.swift */; };
		EA73E5002AA465B700F267D9 /* landmarkData.json in Resources */ = {isa = PBXBuildFile; fileRef = EA73E4FF2AA465B700F267D9 /* landmarkData.json */; };
		EA73E5022AA465E000F267D9 /* Landmark.swift in Sources */ = {isa = PBXBuildFile; fileRef = EA73E5012AA465E000F267D9 /* Landmark.swift */; };
		EA73E5042AA4687F00F267D9 /* ModelData.swift in Sources */ = {isa = PBXBuildFile; fileRef = EA73E5032AA4687F00F267D9 /* ModelData.swift */; };
		EA73E5092AA46D3F00F267D9 /* LandmarkRow.swift in Sources */ = {isa = PBXBuildFile; fileRef = EA73E5082AA46D3F00F267D9 /* LandmarkRow.swift */; };
		EA73E50B2AA4705A00F267D9 /* LandmarkList.swift in Sources */ = {isa = PBXBuildFile; fileRef = EA73E50A2AA4705A00F267D9 /* LandmarkList.swift */; };
		EA73E50D2AA472DC00F267D9 /* LandmarkDetail.swift in Sources */ = {isa = PBXBuildFile; fileRef = EA73E50C2AA472DC00F267D9 /* LandmarkDetail.swift */; };
		EA73E50F2AA4908C00F267D9 /* FavoriteButton.swift in Sources */ = {isa = PBXBuildFile; fileRef = EA73E50E2AA4908C00F267D9 /* FavoriteButton.swift */; };
/* End PBXBuildFile section */

/* Begin PBXContainerItemProxy section */
		EA70C67E2A9AF2340042690D /* PBXContainerItemProxy */ = {
			isa = PBXContainerItemProxy;
			containerPortal = EA70C6652A9AF2330042690D /* Project object */;
			proxyType = 1;
			remoteGlobalIDString = EA70C66C2A9AF2330042690D;
			remoteInfo = Landmarks;
		};
		EA70C6882A9AF2340042690D /* PBXContainerItemProxy */ = {
			isa = PBXContainerItemProxy;
			containerPortal = EA70C6652A9AF2330042690D /* Project object */;
			proxyType = 1;
			remoteGlobalIDString = EA70C66C2A9AF2330042690D;
			remoteInfo = Landmarks;
		};
/* End PBXContainerItemProxy section */

/* Begin PBXFileReference section */
		EA70C66D2A9AF2330042690D /* Landmarks.app */ = {isa = PBXFileReference; explicitFileType = wrapper.application; includeInIndex = 0; path = Landmarks.app; sourceTree = BUILT_PRODUCTS_DIR; };
		EA70C6702A9AF2330042690D /* LandmarksApp.swift */ = {isa = PBXFileReference; lastKnownFileType = sourcecode.swift; path = LandmarksApp.swift; sourceTree = "<group>"; };
		EA70C6722A9AF2330042690D /* ContentView.swift */ = {isa = PBXFileReference; lastKnownFileType = sourcecode.swift; path = ContentView.swift; sourceTree = "<group>"; };
		EA70C6742A9AF2340042690D /* Assets.xcassets */ = {isa = PBXFileReference; lastKnownFileType = folder.assetcatalog; path = Assets.xcassets; sourceTree = "<group>"; };
		EA70C6772A9AF2340042690D /* Preview Assets.xcassets */ = {isa = PBXFileReference; lastKnownFileType = folder.assetcatalog; path = "Preview Assets.xcassets"; sourceTree = "<group>"; };
		EA70C67D2A9AF2340042690D /* LandmarksTests.xctest */ = {isa = PBXFileReference; explicitFileType = wrapper.cfbundle; includeInIndex = 0; path = LandmarksTests.xctest; sourceTree = BUILT_PRODUCTS_DIR; };
		EA70C6812A9AF2340042690D /* LandmarksTests.swift */ = {isa = PBXFileReference; lastKnownFileType = sourcecode.swift; path = LandmarksTests.swift; sourceTree = "<group>"; };
		EA70C6872A9AF2340042690D /* LandmarksUITests.xctest */ = {isa = PBXFileReference; explicitFileType = wrapper.cfbundle; includeInIndex = 0; path = LandmarksUITests.xctest; sourceTree = BUILT_PRODUCTS_DIR; };
		EA70C68B2A9AF2340042690D /* LandmarksUITests.swift */ = {isa = PBXFileReference; lastKnownFileType = sourcecode.swift; path = LandmarksUITests.swift; sourceTree = "<group>"; };
		EA70C68D2A9AF2340042690D /* LandmarksUITestsLaunchTests.swift */ = {isa = PBXFileReference; lastKnownFileType = sourcecode.swift; path = LandmarksUITestsLaunchTests.swift; sourceTree = "<group>"; };
		EA70C69A2A9B02730042690D /* CircleImage.swift */ = {isa = PBXFileReference; lastKnownFileType = sourcecode.swift; path = CircleImage.swift; sourceTree = "<group>"; };
		EA70C69C2A9B05660042690D /* MapView.swift */ = {isa = PBXFileReference; lastKnownFileType = sourcecode.swift; path = MapView.swift; sourceTree = "<group>"; };
		EA73E4FF2AA465B700F267D9 /* landmarkData.json */ = {isa = PBXFileReference; fileEncoding = 4; lastKnownFileType = text.json; path = landmarkData.json; sourceTree = "<group>"; };
		EA73E5012AA465E000F267D9 /* Landmark.swift */ = {isa = PBXFileReference; lastKnownFileType = sourcecode.swift; path = Landmark.swift; sourceTree = "<group>"; };
		EA73E5032AA4687F00F267D9 /* ModelData.swift */ = {isa = PBXFileReference; lastKnownFileType = sourcecode.swift; path = ModelData.swift; sourceTree = "<group>"; };
		EA73E5082AA46D3F00F267D9 /* LandmarkRow.swift */ = {isa = PBXFileReference; lastKnownFileType = sourcecode.swift; path = LandmarkRow.swift; sourceTree = "<group>"; };
		EA73E50A2AA4705A00F267D9 /* LandmarkList.swift */ = {isa = PBXFileReference; lastKnownFileType = sourcecode.swift; path = LandmarkList.swift; sourceTree = "<group>"; };
		EA73E50C2AA472DC00F267D9 /* LandmarkDetail.swift */ = {isa = PBXFileReference; lastKnownFileType = sourcecode.swift; path = LandmarkDetail.swift; sourceTree = "<group>"; };
		EA73E50E2AA4908C00F267D9 /* FavoriteButton.swift */ = {isa = PBXFileReference; lastKnownFileType = sourcecode.swift; path = FavoriteButton.swift; sourceTree = "<group>"; };
/* End PBXFileReference section */

/* Begin PBXFrameworksBuildPhase section */
		EA70C66A2A9AF2330042690D /* Frameworks */ = {
			isa = PBXFrameworksBuildPhase;
			buildActionMask = 2147483647;
			files = (
			);
			runOnlyForDeploymentPostprocessing = 0;
		};
		EA70C67A2A9AF2340042690D /* Frameworks */ = {
			isa = PBXFrameworksBuildPhase;
			buildActionMask = 2147483647;
			files = (
			);
			runOnlyForDeploymentPostprocessing = 0;
		};
		EA70C6842A9AF2340042690D /* Frameworks */ = {
			isa = PBXFrameworksBuildPhase;
			buildActionMask = 2147483647;
			files = (
			);
			runOnlyForDeploymentPostprocessing = 0;
		};
/* End PBXFrameworksBuildPhase section */

/* Begin PBXGroup section */
		EA70C6642A9AF2330042690D = {
			isa = PBXGroup;
			children = (
				EA70C66F2A9AF2330042690D /* Landmarks */,
				EA70C6802A9AF2340042690D /* LandmarksTests */,
				EA70C68A2A9AF2340042690D /* LandmarksUITests */,
				EA70C66E2A9AF2330042690D /* Products */,
			);
			sourceTree = "<group>";
		};
		EA70C66E2A9AF2330042690D /* Products */ = {
			isa = PBXGroup;
			children = (
				EA70C66D2A9AF2330042690D /* Landmarks.app */,
				EA70C67D2A9AF2340042690D /* LandmarksTests.xctest */,
				EA70C6872A9AF2340042690D /* LandmarksUITests.xctest */,
			);
			name = Products;
			sourceTree = "<group>";
		};
		EA70C66F2A9AF2330042690D /* Landmarks */ = {
			isa = PBXGroup;
			children = (
				EA73E5052AA46C4D00F267D9 /* Views */,
				EA70C6702A9AF2330042690D /* LandmarksApp.swift */,
				EA73E5062AA46CAD00F267D9 /* Model */,
				EA73E5072AA46CB700F267D9 /* Resources */,
				EA70C6742A9AF2340042690D /* Assets.xcassets */,
				EA70C6762A9AF2340042690D /* Preview Content */,
			);
			path = Landmarks;
			sourceTree = "<group>";
		};
		EA70C6762A9AF2340042690D /* Preview Content */ = {
			isa = PBXGroup;
			children = (
				EA70C6772A9AF2340042690D /* Preview Assets.xcassets */,
			);
			path = "Preview Content";
			sourceTree = "<group>";
		};
		EA70C6802A9AF2340042690D /* LandmarksTests */ = {
			isa = PBXGroup;
			children = (
				EA70C6812A9AF2340042690D /* LandmarksTests.swift */,
			);
			path = LandmarksTests;
			sourceTree = "<group>";
		};
		EA70C68A2A9AF2340042690D /* LandmarksUITests */ = {
			isa = PBXGroup;
			children = (
				EA70C68B2A9AF2340042690D /* LandmarksUITests.swift */,
				EA70C68D2A9AF2340042690D /* LandmarksUITestsLaunchTests.swift */,
			);
			path = LandmarksUITests;
			sourceTree = "<group>";
		};
		EA73E5052AA46C4D00F267D9 /* Views */ = {
			isa = PBXGroup;
			children = (
				EA70C6722A9AF2330042690D /* ContentView.swift */,
				EA73E5112AA492C200F267D9 /* Helpers */,
				EA73E5102AA4929900F267D9 /* Landmarks */,
			);
			path = Views;
			sourceTree = "<group>";
		};
		EA73E5062AA46CAD00F267D9 /* Model */ = {
			isa = PBXGroup;
			children = (
				EA73E5012AA465E000F267D9 /* Landmark.swift */,
				EA73E5032AA4687F00F267D9 /* ModelData.swift */,
			);
			path = Model;
			sourceTree = "<group>";
		};
		EA73E5072AA46CB700F267D9 /* Resources */ = {
			isa = PBXGroup;
			children = (
				EA73E4FF2AA465B700F267D9 /* landmarkData.json */,
			);
			path = Resources;
			sourceTree = "<group>";
		};
		EA73E5102AA4929900F267D9 /* Landmarks */ = {
			isa = PBXGroup;
			children = (
				EA73E50C2AA472DC00F267D9 /* LandmarkDetail.swift */,
				EA73E5082AA46D3F00F267D9 /* LandmarkRow.swift */,
				EA73E50A2AA4705A00F267D9 /* LandmarkList.swift */,
			);
			path = Landmarks;
			sourceTree = "<group>";
		};
		EA73E5112AA492C200F267D9 /* Helpers */ = {
			isa = PBXGroup;
			children = (
				EA70C69C2A9B05660042690D /* MapView.swift */,
				EA70C69A2A9B02730042690D /* CircleImage.swift */,
				EA73E50E2AA4908C00F267D9 /* FavoriteButton.swift */,
			);
			path = Helpers;
			sourceTree = "<group>";
		};
/* End PBXGroup section */

/* Begin PBXNativeTarget section */
		EA70C66C2A9AF2330042690D /* Landmarks */ = {
			isa = PBXNativeTarget;
			buildConfigurationList = EA70C6912A9AF2340042690D /* Build configuration list for PBXNativeTarget "Landmarks" */;
			buildPhases = (
				EA70C6692A9AF2330042690D /* Sources */,
				EA70C66A2A9AF2330042690D /* Frameworks */,
				EA70C66B2A9AF2330042690D /* Resources */,
			);
			buildRules = (
			);
			dependencies = (
			);
			name = Landmarks;
			productName = Landmarks;
			productReference = EA70C66D2A9AF2330042690D /* Landmarks.app */;
			productType = "com.apple.product-type.application";
		};
		EA70C67C2A9AF2340042690D /* LandmarksTests */ = {
			isa = PBXNativeTarget;
			buildConfigurationList = EA70C6942A9AF2340042690D /* Build configuration list for PBXNativeTarget "LandmarksTests" */;
			buildPhases = (
				EA70C6792A9AF2340042690D /* Sources */,
				EA70C67A2A9AF2340042690D /* Frameworks */,
				EA70C67B2A9AF2340042690D /* Resources */,
			);
			buildRules = (
			);
			dependencies = (
				EA70C67F2A9AF2340042690D /* PBXTargetDependency */,
			);
			name = LandmarksTests;
			productName = LandmarksTests;
			productReference = EA70C67D2A9AF2340042690D /* LandmarksTests.xctest */;
			productType = "com.apple.product-type.bundle.unit-test";
		};
		EA70C6862A9AF2340042690D /* LandmarksUITests */ = {
			isa = PBXNativeTarget;
			buildConfigurationList = EA70C6972A9AF2340042690D /* Build configuration list for PBXNativeTarget "LandmarksUITests" */;
			buildPhases = (
				EA70C6832A9AF2340042690D /* Sources */,
				EA70C6842A9AF2340042690D /* Frameworks */,
				EA70C6852A9AF2340042690D /* Resources */,
			);
			buildRules = (
			);
			dependencies = (
				EA70C6892A9AF2340042690D /* PBXTargetDependency */,
			);
			name = LandmarksUITests;
			productName = LandmarksUITests;
			productReference = EA70C6872A9AF2340042690D /* LandmarksUITests.xctest */;
			productType = "com.apple.product-type.bundle.ui-testing";
		};
/* End PBXNativeTarget section */

/* Begin PBXProject section */
		EA70C6652A9AF2330042690D /* Project object */ = {
			isa = PBXProject;
			attributes = {
				BuildIndependentTargetsInParallel = 1;
				LastSwiftUpdateCheck = 1430;
				LastUpgradeCheck = 1430;
				TargetAttributes = {
					EA70C66C2A9AF2330042690D = {
						CreatedOnToolsVersion = 14.3.1;
					};
					EA70C67C2A9AF2340042690D = {
						CreatedOnToolsVersion = 14.3.1;
						TestTargetID = EA70C66C2A9AF2330042690D;
					};
					EA70C6862A9AF2340042690D = {
						CreatedOnToolsVersion = 14.3.1;
						TestTargetID = EA70C66C2A9AF2330042690D;
					};
				};
			};
			buildConfigurationList = EA70C6682A9AF2330042690D /* Build configuration list for PBXProject "Landmarks" */;
			compatibilityVersion = "Xcode 14.0";
			developmentRegion = en;
			hasScannedForEncodings = 0;
			knownRegions = (
				en,
				Base,
			);
			mainGroup = EA70C6642A9AF2330042690D;
			productRefGroup = EA70C66E2A9AF2330042690D /* Products */;
			projectDirPath = "";
			projectRoot = "";
			targets = (
				EA70C66C2A9AF2330042690D /* Landmarks */,
				EA70C67C2A9AF2340042690D /* LandmarksTests */,
				EA70C6862A9AF2340042690D /* LandmarksUITests */,
			);
		};
/* End PBXProject section */

/* Begin PBXResourcesBuildPhase section */
		EA70C66B2A9AF2330042690D /* Resources */ = {
			isa = PBXResourcesBuildPhase;
			buildActionMask = 2147483647;
			files = (
				EA70C6782A9AF2340042690D /* Preview Assets.xcassets in Resources */,
				EA70C6752A9AF2340042690D /* Assets.xcassets in Resources */,
				EA73E5002AA465B700F267D9 /* landmarkData.json in Resources */,
			);
			runOnlyForDeploymentPostprocessing = 0;
		};
		EA70C67B2A9AF2340042690D /* Resources */ = {
			isa = PBXResourcesBuildPhase;
			buildActionMask = 2147483647;
			files = (
			);
			runOnlyForDeploymentPostprocessing = 0;
		};
		EA70C6852A9AF2340042690D /* Resources */ = {
			isa = PBXResourcesBuildPhase;
			buildActionMask = 2147483647;
			files = (
			);
			runOnlyForDeploymentPostprocessing = 0;
		};
/* End PBXResourcesBuildPhase section */

/* Begin PBXSourcesBuildPhase section */
		EA70C6692A9AF2330042690D /* Sources */ = {
			isa = PBXSourcesBuildPhase;
			buildActionMask = 2147483647;
			files = (
				EA70C6732A9AF2330042690D /* ContentView.swift in Sources */,
				EA70C69D2A9B05660042690D /* MapView.swift in Sources */,
				EA70C6712A9AF2330042690D /* LandmarksApp.swift in Sources */,
				EA73E50F2AA4908C00F267D9 /* FavoriteButton.swift in Sources */,
				EA73E50B2AA4705A00F267D9 /* LandmarkList.swift in Sources */,
				EA73E50D2AA472DC00F267D9 /* LandmarkDetail.swift in Sources */,
				EA70C69B2A9B02730042690D /* CircleImage.swift in Sources */,
				EA73E5022AA465E000F267D9 /* Landmark.swift in Sources */,
				EA73E5092AA46D3F00F267D9 /* LandmarkRow.swift in Sources */,
				EA73E5042AA4687F00F267D9 /* ModelData.swift in Sources */,
			);
			runOnlyForDeploymentPostprocessing = 0;
		};
		EA70C6792A9AF2340042690D /* Sources */ = {
			isa = PBXSourcesBuildPhase;
			buildActionMask = 2147483647;
			files = (
				EA70C6822A9AF2340042690D /* LandmarksTests.swift in Sources */,
			);
			runOnlyForDeploymentPostprocessing = 0;
		};
		EA70C6832A9AF2340042690D /* Sources */ = {
			isa = PBXSourcesBuildPhase;
			buildActionMask = 2147483647;
			files = (
				EA70C68E2A9AF2340042690D /* LandmarksUITestsLaunchTests.swift in Sources */,
				EA70C68C2A9AF2340042690D /* LandmarksUITests.swift in Sources */,
			);
			runOnlyForDeploymentPostprocessing = 0;
		};
/* End PBXSourcesBuildPhase section */

/* Begin PBXTargetDependency section */
		EA70C67F2A9AF2340042690D /* PBXTargetDependency */ = {
			isa = PBXTargetDependency;
			target = EA70C66C2A9AF2330042690D /* Landmarks */;
			targetProxy = EA70C67E2A9AF2340042690D /* PBXContainerItemProxy */;
		};
		EA70C6892A9AF2340042690D /* PBXTargetDependency */ = {
			isa = PBXTargetDependency;
			target = EA70C66C2A9AF2330042690D /* Landmarks */;
			targetProxy = EA70C6882A9AF2340042690D /* PBXContainerItemProxy */;
		};
/* End PBXTargetDependency section */

/* Begin XCBuildConfiguration section */
		EA70C68F2A9AF2340042690D /* Debug */ = {
			isa = XCBuildConfiguration;
			buildSettings = {
				ALWAYS_SEARCH_USER_PATHS = NO;
				CLANG_ANALYZER_NONNULL = YES;
				CLANG_ANALYZER_NUMBER_OBJECT_CONVERSION = YES_AGGRESSIVE;
				CLANG_CXX_LANGUAGE_STANDARD = "gnu++20";
				CLANG_ENABLE_MODULES = YES;
				CLANG_ENABLE_OBJC_ARC = YES;
				CLANG_ENABLE_OBJC_WEAK = YES;
				CLANG_WARN_BLOCK_CAPTURE_AUTORELEASING = YES;
				CLANG_WARN_BOOL_CONVERSION = YES;
				CLANG_WARN_COMMA = YES;
				CLANG_WARN_CONSTANT_CONVERSION = YES;
				CLANG_WARN_DEPRECATED_OBJC_IMPLEMENTATIONS = YES;
				CLANG_WARN_DIRECT_OBJC_ISA_USAGE = YES_ERROR;
				CLANG_WARN_DOCUMENTATION_COMMENTS = YES;
				CLANG_WARN_EMPTY_BODY = YES;
				CLANG_WARN_ENUM_CONVERSION = YES;
				CLANG_WARN_INFINITE_RECURSION = YES;
				CLANG_WARN_INT_CONVERSION = YES;
				CLANG_WARN_NON_LITERAL_NULL_CONVERSION = YES;
				CLANG_WARN_OBJC_IMPLICIT_RETAIN_SELF = YES;
				CLANG_WARN_OBJC_LITERAL_CONVERSION = YES;
				CLANG_WARN_OBJC_ROOT_CLASS = YES_ERROR;
				CLANG_WARN_QUOTED_INCLUDE_IN_FRAMEWORK_HEADER = YES;
				CLANG_WARN_RANGE_LOOP_ANALYSIS = YES;
				CLANG_WARN_STRICT_PROTOTYPES = YES;
				CLANG_WARN_SUSPICIOUS_MOVE = YES;
				CLANG_WARN_UNGUARDED_AVAILABILITY = YES_AGGRESSIVE;
				CLANG_WARN_UNREACHABLE_CODE = YES;
				CLANG_WARN__DUPLICATE_METHOD_MATCH = YES;
				COPY_PHASE_STRIP = NO;
				DEBUG_INFORMATION_FORMAT = dwarf;
				ENABLE_STRICT_OBJC_MSGSEND = YES;
				ENABLE_TESTABILITY = YES;
				GCC_C_LANGUAGE_STANDARD = gnu11;
				GCC_DYNAMIC_NO_PIC = NO;
				GCC_NO_COMMON_BLOCKS = YES;
				GCC_OPTIMIZATION_LEVEL = 0;
				GCC_PREPROCESSOR_DEFINITIONS = (
					"DEBUG=1",
					"$(inherited)",
				);
				GCC_WARN_64_TO_32_BIT_CONVERSION = YES;
				GCC_WARN_ABOUT_RETURN_TYPE = YES_ERROR;
				GCC_WARN_UNDECLARED_SELECTOR = YES;
				GCC_WARN_UNINITIALIZED_AUTOS = YES_AGGRESSIVE;
				GCC_WARN_UNUSED_FUNCTION = YES;
				GCC_WARN_UNUSED_VARIABLE = YES;
				IPHONEOS_DEPLOYMENT_TARGET = 16.4;
				MTL_ENABLE_DEBUG_INFO = INCLUDE_SOURCE;
				MTL_FAST_MATH = YES;
				ONLY_ACTIVE_ARCH = YES;
				SDKROOT = iphoneos;
				SWIFT_ACTIVE_COMPILATION_CONDITIONS = DEBUG;
				SWIFT_OPTIMIZATION_LEVEL = "-Onone";
			};
			name = Debug;
		};
		EA70C6902A9AF2340042690D /* Release */ = {
			isa = XCBuildConfiguration;
			buildSettings = {
				ALWAYS_SEARCH_USER_PATHS = NO;
				CLANG_ANALYZER_NONNULL = YES;
				CLANG_ANALYZER_NUMBER_OBJECT_CONVERSION = YES_AGGRESSIVE;
				CLANG_CXX_LANGUAGE_STANDARD = "gnu++20";
				CLANG_ENABLE_MODULES = YES;
				CLANG_ENABLE_OBJC_ARC = YES;
				CLANG_ENABLE_OBJC_WEAK = YES;
				CLANG_WARN_BLOCK_CAPTURE_AUTORELEASING = YES;
				CLANG_WARN_BOOL_CONVERSION = YES;
				CLANG_WARN_COMMA = YES;
				CLANG_WARN_CONSTANT_CONVERSION = YES;
				CLANG_WARN_DEPRECATED_OBJC_IMPLEMENTATIONS = YES;
				CLANG_WARN_DIRECT_OBJC_ISA_USAGE = YES_ERROR;
				CLANG_WARN_DOCUMENTATION_COMMENTS = YES;
				CLANG_WARN_EMPTY_BODY = YES;
				CLANG_WARN_ENUM_CONVERSION = YES;
				CLANG_WARN_INFINITE_RECURSION = YES;
				CLANG_WARN_INT_CONVERSION = YES;
				CLANG_WARN_NON_LITERAL_NULL_CONVERSION = YES;
				CLANG_WARN_OBJC_IMPLICIT_RETAIN_SELF = YES;
				CLANG_WARN_OBJC_LITERAL_CONVERSION = YES;
				CLANG_WARN_OBJC_ROOT_CLASS = YES_ERROR;
				CLANG_WARN_QUOTED_INCLUDE_IN_FRAMEWORK_HEADER = YES;
				CLANG_WARN_RANGE_LOOP_ANALYSIS = YES;
				CLANG_WARN_STRICT_PROTOTYPES = YES;
				CLANG_WARN_SUSPICIOUS_MOVE = YES;
				CLANG_WARN_UNGUARDED_AVAILABILITY = YES_AGGRESSIVE;
				CLANG_WARN_UNREACHABLE_CODE = YES;
				CLANG_WARN__DUPLICATE_METHOD_MATCH = YES;
				COPY_PHASE_STRIP = NO;
				DEBUG_INFORMATION_FORMAT = "dwarf-with-dsym";
				ENABLE_NS_ASSERTIONS = NO;
				ENABLE_STRICT_OBJC_MSGSEND = YES;
				GCC_C_LANGUAGE_STANDARD = gnu11;
				GCC_NO_COMMON_BLOCKS = YES;
				GCC_WARN_64_TO_32_BIT_CONVERSION = YES;
				GCC_WARN_ABOUT_RETURN_TYPE = YES_ERROR;
				GCC_WARN_UNDECLARED_SELECTOR = YES;
				GCC_WARN_UNINITIALIZED_AUTOS = YES_AGGRESSIVE;
				GCC_WARN_UNUSED_FUNCTION = YES;
				GCC_WARN_UNUSED_VARIABLE = YES;
				IPHONEOS_DEPLOYMENT_TARGET = 16.4;
				MTL_ENABLE_DEBUG_INFO = NO;
				MTL_FAST_MATH = YES;
				SDKROOT = iphoneos;
				SWIFT_COMPILATION_MODE = wholemodule;
				SWIFT_OPTIMIZATION_LEVEL = "-O";
				VALIDATE_PRODUCT = YES;
			};
			name = Release;
		};
		EA70C6922A9AF2340042690D /* Debug */ = {
			isa = XCBuildConfiguration;
			buildSettings = {
				ASSETCATALOG_COMPILER_APPICON_NAME = AppIcon;
				ASSETCATALOG_COMPILER_GLOBAL_ACCENT_COLOR_NAME = AccentColor;
				CODE_SIGN_STYLE = Automatic;
				CURRENT_PROJECT_VERSION = 1;
				DEVELOPMENT_ASSET_PATHS = "\"Landmarks/Preview Content\"";
				DEVELOPMENT_TEAM = 46WX9WS535;
				ENABLE_PREVIEWS = YES;
				GENERATE_INFOPLIST_FILE = YES;
				INFOPLIST_KEY_UIApplicationSceneManifest_Generation = YES;
				INFOPLIST_KEY_UIApplicationSupportsIndirectInputEvents = YES;
				INFOPLIST_KEY_UILaunchScreen_Generation = YES;
				INFOPLIST_KEY_UISupportedInterfaceOrientations_iPad = "UIInterfaceOrientationPortrait UIInterfaceOrientationPortraitUpsideDown UIInterfaceOrientationLandscapeLeft UIInterfaceOrientationLandscapeRight";
				INFOPLIST_KEY_UISupportedInterfaceOrientations_iPhone = "UIInterfaceOrientationPortrait UIInterfaceOrientationLandscapeLeft UIInterfaceOrientationLandscapeRight";
				IPHONEOS_DEPLOYMENT_TARGET = 16.0;
				LD_RUNPATH_SEARCH_PATHS = (
					"$(inherited)",
					"@executable_path/Frameworks",
				);
				MARKETING_VERSION = 1.0;
				PRODUCT_BUNDLE_IDENTIFIER = com.qiuxchao.Landmarks;
				PRODUCT_NAME = "$(TARGET_NAME)";
				SWIFT_EMIT_LOC_STRINGS = YES;
				SWIFT_VERSION = 5.0;
				TARGETED_DEVICE_FAMILY = "1,2";
			};
			name = Debug;
		};
		EA70C6932A9AF2340042690D /* Release */ = {
			isa = XCBuildConfiguration;
			buildSettings = {
				ASSETCATALOG_COMPILER_APPICON_NAME = AppIcon;
				ASSETCATALOG_COMPILER_GLOBAL_ACCENT_COLOR_NAME = AccentColor;
				CODE_SIGN_STYLE = Automatic;
				CURRENT_PROJECT_VERSION = 1;
				DEVELOPMENT_ASSET_PATHS = "\"Landmarks/Preview Content\"";
				DEVELOPMENT_TEAM = 46WX9WS535;
				ENABLE_PREVIEWS = YES;
				GENERATE_INFOPLIST_FILE = YES;
				INFOPLIST_KEY_UIApplicationSceneManifest_Generation = YES;
				INFOPLIST_KEY_UIApplicationSupportsIndirectInputEvents = YES;
				INFOPLIST_KEY_UILaunchScreen_Generation = YES;
				INFOPLIST_KEY_UISupportedInterfaceOrientations_iPad = "UIInterfaceOrientationPortrait UIInterfaceOrientationPortraitUpsideDown UIInterfaceOrientationLandscapeLeft UIInterfaceOrientationLandscapeRight";
				INFOPLIST_KEY_UISupportedInterfaceOrientations_iPhone = "UIInterfaceOrientationPortrait UIInterfaceOrientationLandscapeLeft UIInterfaceOrientationLandscapeRight";
				IPHONEOS_DEPLOYMENT_TARGET = 16.0;
				LD_RUNPATH_SEARCH_PATHS = (
					"$(inherited)",
					"@executable_path/Frameworks",
				);
				MARKETING_VERSION = 1.0;
				PRODUCT_BUNDLE_IDENTIFIER = com.qiuxchao.Landmarks;
				PRODUCT_NAME = "$(TARGET_NAME)";
				SWIFT_EMIT_LOC_STRINGS = YES;
				SWIFT_VERSION = 5.0;
				TARGETED_DEVICE_FAMILY = "1,2";
			};
			name = Release;
		};
		EA70C6952A9AF2340042690D /* Debug */ = {
			isa = XCBuildConfiguration;
			buildSettings = {
				ALWAYS_EMBED_SWIFT_STANDARD_LIBRARIES = YES;
				BUNDLE_LOADER = "$(TEST_HOST)";
				CODE_SIGN_STYLE = Automatic;
				CURRENT_PROJECT_VERSION = 1;
				DEVELOPMENT_TEAM = 46WX9WS535;
				GENERATE_INFOPLIST_FILE = YES;
				IPHONEOS_DEPLOYMENT_TARGET = 16.4;
				MARKETING_VERSION = 1.0;
				PRODUCT_BUNDLE_IDENTIFIER = com.qiuxchao.LandmarksTests;
				PRODUCT_NAME = "$(TARGET_NAME)";
				SWIFT_EMIT_LOC_STRINGS = NO;
				SWIFT_VERSION = 5.0;
				TARGETED_DEVICE_FAMILY = "1,2";
				TEST_HOST = "$(BUILT_PRODUCTS_DIR)/Landmarks.app/$(BUNDLE_EXECUTABLE_FOLDER_PATH)/Landmarks";
			};
			name = Debug;
		};
		EA70C6962A9AF2340042690D /* Release */ = {
			isa = XCBuildConfiguration;
			buildSettings = {
				ALWAYS_EMBED_SWIFT_STANDARD_LIBRARIES = YES;
				BUNDLE_LOADER = "$(TEST_HOST)";
				CODE_SIGN_STYLE = Automatic;
				CURRENT_PROJECT_VERSION = 1;
				DEVELOPMENT_TEAM = 46WX9WS535;
				GENERATE_INFOPLIST_FILE = YES;
				IPHONEOS_DEPLOYMENT_TARGET = 16.4;
				MARKETING_VERSION = 1.0;
				PRODUCT_BUNDLE_IDENTIFIER = com.qiuxchao.LandmarksTests;
				PRODUCT_NAME = "$(TARGET_NAME)";
				SWIFT_EMIT_LOC_STRINGS = NO;
				SWIFT_VERSION = 5.0;
				TARGETED_DEVICE_FAMILY = "1,2";
				TEST_HOST = "$(BUILT_PRODUCTS_DIR)/Landmarks.app/$(BUNDLE_EXECUTABLE_FOLDER_PATH)/Landmarks";
			};
			name = Release;
		};
		EA70C6982A9AF2340042690D /* Debug */ = {
			isa = XCBuildConfiguration;
			buildSettings = {
				ALWAYS_EMBED_SWIFT_STANDARD_LIBRARIES = YES;
				CODE_SIGN_STYLE = Automatic;
				CURRENT_PROJECT_VERSION = 1;
				DEVELOPMENT_TEAM = 46WX9WS535;
				GENERATE_INFOPLIST_FILE = YES;
				MARKETING_VERSION = 1.0;
				PRODUCT_BUNDLE_IDENTIFIER = com.qiuxchao.LandmarksUITests;
				PRODUCT_NAME = "$(TARGET_NAME)";
				SWIFT_EMIT_LOC_STRINGS = NO;
				SWIFT_VERSION = 5.0;
				TARGETED_DEVICE_FAMILY = "1,2";
				TEST_TARGET_NAME = Landmarks;
			};
			name = Debug;
		};
		EA70C6992A9AF2340042690D /* Release */ = {
			isa = XCBuildConfiguration;
			buildSettings = {
				ALWAYS_EMBED_SWIFT_STANDARD_LIBRARIES = YES;
				CODE_SIGN_STYLE = Automatic;
				CURRENT_PROJECT_VERSION = 1;
				DEVELOPMENT_TEAM = 46WX9WS535;
				GENERATE_INFOPLIST_FILE = YES;
				MARKETING_VERSION = 1.0;
				PRODUCT_BUNDLE_IDENTIFIER = com.qiuxchao.LandmarksUITests;
				PRODUCT_NAME = "$(TARGET_NAME)";
				SWIFT_EMIT_LOC_STRINGS = NO;
				SWIFT_VERSION = 5.0;
				TARGETED_DEVICE_FAMILY = "1,2";
				TEST_TARGET_NAME = Landmarks;
			};
			name = Release;
		};
/* End XCBuildConfiguration section */

/* Begin XCConfigurationList section */
		EA70C6682A9AF2330042690D /* Build configuration list for PBXProject "Landmarks" */ = {
			isa = XCConfigurationList;
			buildConfigurations = (
				EA70C68F2A9AF2340042690D /* Debug */,
				EA70C6902A9AF2340042690D /* Release */,
			);
			defaultConfigurationIsVisible = 0;
			defaultConfigurationName = Release;
		};
		EA70C6912A9AF2340042690D /* Build configuration list for PBXNativeTarget "Landmarks" */ = {
			isa = XCConfigurationList;
			buildConfigurations = (
				EA70C6922A9AF2340042690D /* Debug */,
				EA70C6932A9AF2340042690D /* Release */,
			);
			defaultConfigurationIsVisible = 0;
			defaultConfigurationName = Release;
		};
		EA70C6942A9AF2340042690D /* Build configuration list for PBXNativeTarget "LandmarksTests" */ = {
			isa = XCConfigurationList;
			buildConfigurations = (
				EA70C6952A9AF2340042690D /* Debug */,
				EA70C6962A9AF2340042690D /* Release */,
			);
			defaultConfigurationIsVisible = 0;
			defaultConfigurationName = Release;
		};
		EA70C6972A9AF2340042690D /* Build configuration list for PBXNativeTarget "LandmarksUITests" */ = {
			isa = XCConfigurationList;
			buildConfigurations = (
				EA70C6982A9AF2340042690D /* Debug */,
				EA70C6992A9AF2340042690D /* Release */,
			);
			defaultConfigurationIsVisible = 0;
			defaultConfigurationName = Release;
		};
/* End XCConfigurationList section */
	};
	rootObject = EA70C6652A9AF2330042690D /* Project object */;
}
