// !$*UTF8*$!
{
	archiveVersion = 1;
	classes = {
	};
	objectVersion = 56;
	objects = {

/* Begin PBXBuildFile section */
		EA067C8D2AD975A00028D80E /* c_dApp.swift in Sources */ = {isa = PBXBuildFile; fileRef = EA067C8C2AD975A00028D80E /* c_dApp.swift */; };
		EA067C8F2AD975A00028D80E /* ContentView.swift in Sources */ = {isa = PBXBuildFile; fileRef = EA067C8E2AD975A00028D80E /* ContentView.swift */; };
		EA067C912AD975A10028D80E /* Assets.xcassets in Resources */ = {isa = PBXBuildFile; fileRef = EA067C902AD975A10028D80E /* Assets.xcassets */; };
		EA067C942AD975A10028D80E /* Preview Assets.xcassets in Resources */ = {isa = PBXBuildFile; fileRef = EA067C932AD975A10028D80E /* Preview Assets.xcassets */; };
		EA067C9E2AD975A10028D80E /* c_dTests.swift in Sources */ = {isa = PBXBuildFile; fileRef = EA067C9D2AD975A10028D80E /* c_dTests.swift */; };
		EA067CA82AD975A10028D80E /* c_dUITests.swift in Sources */ = {isa = PBXBuildFile; fileRef = EA067CA72AD975A10028D80E /* c_dUITests.swift */; };
		EA067CAA2AD975A10028D80E /* c_dUITestsLaunchTests.swift in Sources */ = {isa = PBXBuildFile; fileRef = EA067CA92AD975A10028D80E /* c_dUITestsLaunchTests.swift */; };
		EA067CB72ADA6BC90028D80E /* Styles.swift in Sources */ = {isa = PBXBuildFile; fileRef = EA067CB62ADA6BC90028D80E /* Styles.swift */; };
		EA067CBB2ADA78970028D80E /* AccountView.swift in Sources */ = {isa = PBXBuildFile; fileRef = EA067CBA2ADA78970028D80E /* AccountView.swift */; };
		EA067CBD2ADB88EA0028D80E /* HexagonView.swift in Sources */ = {isa = PBXBuildFile; fileRef = EA067CBC2ADB88EA0028D80E /* HexagonView.swift */; };
		EA067CBF2ADB93860028D80E /* BlobView.swift in Sources */ = {isa = PBXBuildFile; fileRef = EA067CBE2ADB93860028D80E /* BlobView.swift */; };
/* End PBXBuildFile section */

/* Begin PBXContainerItemProxy section */
		EA067C9A2AD975A10028D80E /* PBXContainerItemProxy */ = {
			isa = PBXContainerItemProxy;
			containerPortal = EA067C812AD975A00028D80E /* Project object */;
			proxyType = 1;
			remoteGlobalIDString = EA067C882AD975A00028D80E;
			remoteInfo = c.d;
		};
		EA067CA42AD975A10028D80E /* PBXContainerItemProxy */ = {
			isa = PBXContainerItemProxy;
			containerPortal = EA067C812AD975A00028D80E /* Project object */;
			proxyType = 1;
			remoteGlobalIDString = EA067C882AD975A00028D80E;
			remoteInfo = c.d;
		};
/* End PBXContainerItemProxy section */

/* Begin PBXFileReference section */
		EA067C892AD975A00028D80E /* c.d.app */ = {isa = PBXFileReference; explicitFileType = wrapper.application; includeInIndex = 0; path = c.d.app; sourceTree = BUILT_PRODUCTS_DIR; };
		EA067C8C2AD975A00028D80E /* c_dApp.swift */ = {isa = PBXFileReference; lastKnownFileType = sourcecode.swift; path = c_dApp.swift; sourceTree = "<group>"; };
		EA067C8E2AD975A00028D80E /* ContentView.swift */ = {isa = PBXFileReference; lastKnownFileType = sourcecode.swift; path = ContentView.swift; sourceTree = "<group>"; };
		EA067C902AD975A10028D80E /* Assets.xcassets */ = {isa = PBXFileReference; lastKnownFileType = folder.assetcatalog; path = Assets.xcassets; sourceTree = "<group>"; };
		EA067C932AD975A10028D80E /* Preview Assets.xcassets */ = {isa = PBXFileReference; lastKnownFileType = folder.assetcatalog; path = "Preview Assets.xcassets"; sourceTree = "<group>"; };
		EA067C992AD975A10028D80E /* c.dTests.xctest */ = {isa = PBXFileReference; explicitFileType = wrapper.cfbundle; includeInIndex = 0; path = c.dTests.xctest; sourceTree = BUILT_PRODUCTS_DIR; };
		EA067C9D2AD975A10028D80E /* c_dTests.swift */ = {isa = PBXFileReference; lastKnownFileType = sourcecode.swift; path = c_dTests.swift; sourceTree = "<group>"; };
		EA067CA32AD975A10028D80E /* c.dUITests.xctest */ = {isa = PBXFileReference; explicitFileType = wrapper.cfbundle; includeInIndex = 0; path = c.dUITests.xctest; sourceTree = BUILT_PRODUCTS_DIR; };
		EA067CA72AD975A10028D80E /* c_dUITests.swift */ = {isa = PBXFileReference; lastKnownFileType = sourcecode.swift; path = c_dUITests.swift; sourceTree = "<group>"; };
		EA067CA92AD975A10028D80E /* c_dUITestsLaunchTests.swift */ = {isa = PBXFileReference; lastKnownFileType = sourcecode.swift; path = c_dUITestsLaunchTests.swift; sourceTree = "<group>"; };
		EA067CB62ADA6BC90028D80E /* Styles.swift */ = {isa = PBXFileReference; lastKnownFileType = sourcecode.swift; path = Styles.swift; sourceTree = "<group>"; };
		EA067CBA2ADA78970028D80E /* AccountView.swift */ = {isa = PBXFileReference; lastKnownFileType = sourcecode.swift; path = AccountView.swift; sourceTree = "<group>"; };
		EA067CBC2ADB88EA0028D80E /* HexagonView.swift */ = {isa = PBXFileReference; lastKnownFileType = sourcecode.swift; path = HexagonView.swift; sourceTree = "<group>"; };
		EA067CBE2ADB93860028D80E /* BlobView.swift */ = {isa = PBXFileReference; lastKnownFileType = sourcecode.swift; path = BlobView.swift; sourceTree = "<group>"; };
/* End PBXFileReference section */

/* Begin PBXFrameworksBuildPhase section */
		EA067C862AD975A00028D80E /* Frameworks */ = {
			isa = PBXFrameworksBuildPhase;
			buildActionMask = 2147483647;
			files = (
			);
			runOnlyForDeploymentPostprocessing = 0;
		};
		EA067C962AD975A10028D80E /* Frameworks */ = {
			isa = PBXFrameworksBuildPhase;
			buildActionMask = 2147483647;
			files = (
			);
			runOnlyForDeploymentPostprocessing = 0;
		};
		EA067CA02AD975A10028D80E /* Frameworks */ = {
			isa = PBXFrameworksBuildPhase;
			buildActionMask = 2147483647;
			files = (
			);
			runOnlyForDeploymentPostprocessing = 0;
		};
/* End PBXFrameworksBuildPhase section */

/* Begin PBXGroup section */
		EA067C802AD975A00028D80E = {
			isa = PBXGroup;
			children = (
				EA067C8B2AD975A00028D80E /* c.d */,
				EA067C9C2AD975A10028D80E /* c.dTests */,
				EA067CA62AD975A10028D80E /* c.dUITests */,
				EA067C8A2AD975A00028D80E /* Products */,
			);
			sourceTree = "<group>";
		};
		EA067C8A2AD975A00028D80E /* Products */ = {
			isa = PBXGroup;
			children = (
				EA067C892AD975A00028D80E /* c.d.app */,
				EA067C992AD975A10028D80E /* c.dTests.xctest */,
				EA067CA32AD975A10028D80E /* c.dUITests.xctest */,
			);
			name = Products;
			sourceTree = "<group>";
		};
		EA067C8B2AD975A00028D80E /* c.d */ = {
			isa = PBXGroup;
			children = (
				EA067C8C2AD975A00028D80E /* c_dApp.swift */,
				EA067C8E2AD975A00028D80E /* ContentView.swift */,
				EA067CBA2ADA78970028D80E /* AccountView.swift */,
				EA067CBC2ADB88EA0028D80E /* HexagonView.swift */,
				EA067CBE2ADB93860028D80E /* BlobView.swift */,
				EA067CB62ADA6BC90028D80E /* Styles.swift */,
				EA067C902AD975A10028D80E /* Assets.xcassets */,
				EA067C922AD975A10028D80E /* Preview Content */,
			);
			path = c.d;
			sourceTree = "<group>";
		};
		EA067C922AD975A10028D80E /* Preview Content */ = {
			isa = PBXGroup;
			children = (
				EA067C932AD975A10028D80E /* Preview Assets.xcassets */,
			);
			path = "Preview Content";
			sourceTree = "<group>";
		};
		EA067C9C2AD975A10028D80E /* c.dTests */ = {
			isa = PBXGroup;
			children = (
				EA067C9D2AD975A10028D80E /* c_dTests.swift */,
			);
			path = c.dTests;
			sourceTree = "<group>";
		};
		EA067CA62AD975A10028D80E /* c.dUITests */ = {
			isa = PBXGroup;
			children = (
				EA067CA72AD975A10028D80E /* c_dUITests.swift */,
				EA067CA92AD975A10028D80E /* c_dUITestsLaunchTests.swift */,
			);
			path = c.dUITests;
			sourceTree = "<group>";
		};
/* End PBXGroup section */

/* Begin PBXNativeTarget section */
		EA067C882AD975A00028D80E /* c.d */ = {
			isa = PBXNativeTarget;
			buildConfigurationList = EA067CAD2AD975A10028D80E /* Build configuration list for PBXNativeTarget "c.d" */;
			buildPhases = (
				EA067C852AD975A00028D80E /* Sources */,
				EA067C862AD975A00028D80E /* Frameworks */,
				EA067C872AD975A00028D80E /* Resources */,
			);
			buildRules = (
			);
			dependencies = (
			);
			name = c.d;
			productName = c.d;
			productReference = EA067C892AD975A00028D80E /* c.d.app */;
			productType = "com.apple.product-type.application";
		};
		EA067C982AD975A10028D80E /* c.dTests */ = {
			isa = PBXNativeTarget;
			buildConfigurationList = EA067CB02AD975A10028D80E /* Build configuration list for PBXNativeTarget "c.dTests" */;
			buildPhases = (
				EA067C952AD975A10028D80E /* Sources */,
				EA067C962AD975A10028D80E /* Frameworks */,
				EA067C972AD975A10028D80E /* Resources */,
			);
			buildRules = (
			);
			dependencies = (
				EA067C9B2AD975A10028D80E /* PBXTargetDependency */,
			);
			name = c.dTests;
			productName = c.dTests;
			productReference = EA067C992AD975A10028D80E /* c.dTests.xctest */;
			productType = "com.apple.product-type.bundle.unit-test";
		};
		EA067CA22AD975A10028D80E /* c.dUITests */ = {
			isa = PBXNativeTarget;
			buildConfigurationList = EA067CB32AD975A10028D80E /* Build configuration list for PBXNativeTarget "c.dUITests" */;
			buildPhases = (
				EA067C9F2AD975A10028D80E /* Sources */,
				EA067CA02AD975A10028D80E /* Frameworks */,
				EA067CA12AD975A10028D80E /* Resources */,
			);
			buildRules = (
			);
			dependencies = (
				EA067CA52AD975A10028D80E /* PBXTargetDependency */,
			);
			name = c.dUITests;
			productName = c.dUITests;
			productReference = EA067CA32AD975A10028D80E /* c.dUITests.xctest */;
			productType = "com.apple.product-type.bundle.ui-testing";
		};
/* End PBXNativeTarget section */

/* Begin PBXProject section */
		EA067C812AD975A00028D80E /* Project object */ = {
			isa = PBXProject;
			attributes = {
				BuildIndependentTargetsInParallel = 1;
				LastSwiftUpdateCheck = 1430;
				LastUpgradeCheck = 1430;
				TargetAttributes = {
					EA067C882AD975A00028D80E = {
						CreatedOnToolsVersion = 14.3.1;
					};
					EA067C982AD975A10028D80E = {
						CreatedOnToolsVersion = 14.3.1;
						TestTargetID = EA067C882AD975A00028D80E;
					};
					EA067CA22AD975A10028D80E = {
						CreatedOnToolsVersion = 14.3.1;
						TestTargetID = EA067C882AD975A00028D80E;
					};
				};
			};
			buildConfigurationList = EA067C842AD975A00028D80E /* Build configuration list for PBXProject "c.d" */;
			compatibilityVersion = "Xcode 14.0";
			developmentRegion = en;
			hasScannedForEncodings = 0;
			knownRegions = (
				en,
				Base,
			);
			mainGroup = EA067C802AD975A00028D80E;
			productRefGroup = EA067C8A2AD975A00028D80E /* Products */;
			projectDirPath = "";
			projectRoot = "";
			targets = (
				EA067C882AD975A00028D80E /* c.d */,
				EA067C982AD975A10028D80E /* c.dTests */,
				EA067CA22AD975A10028D80E /* c.dUITests */,
			);
		};
/* End PBXProject section */

/* Begin PBXResourcesBuildPhase section */
		EA067C872AD975A00028D80E /* Resources */ = {
			isa = PBXResourcesBuildPhase;
			buildActionMask = 2147483647;
			files = (
				EA067C942AD975A10028D80E /* Preview Assets.xcassets in Resources */,
				EA067C912AD975A10028D80E /* Assets.xcassets in Resources */,
			);
			runOnlyForDeploymentPostprocessing = 0;
		};
		EA067C972AD975A10028D80E /* Resources */ = {
			isa = PBXResourcesBuildPhase;
			buildActionMask = 2147483647;
			files = (
			);
			runOnlyForDeploymentPostprocessing = 0;
		};
		EA067CA12AD975A10028D80E /* Resources */ = {
			isa = PBXResourcesBuildPhase;
			buildActionMask = 2147483647;
			files = (
			);
			runOnlyForDeploymentPostprocessing = 0;
		};
/* End PBXResourcesBuildPhase section */

/* Begin PBXSourcesBuildPhase section */
		EA067C852AD975A00028D80E /* Sources */ = {
			isa = PBXSourcesBuildPhase;
			buildActionMask = 2147483647;
			files = (
				EA067CBB2ADA78970028D80E /* AccountView.swift in Sources */,
				EA067CBD2ADB88EA0028D80E /* HexagonView.swift in Sources */,
				EA067CB72ADA6BC90028D80E /* Styles.swift in Sources */,
				EA067CBF2ADB93860028D80E /* BlobView.swift in Sources */,
				EA067C8F2AD975A00028D80E /* ContentView.swift in Sources */,
				EA067C8D2AD975A00028D80E /* c_dApp.swift in Sources */,
			);
			runOnlyForDeploymentPostprocessing = 0;
		};
		EA067C952AD975A10028D80E /* Sources */ = {
			isa = PBXSourcesBuildPhase;
			buildActionMask = 2147483647;
			files = (
				EA067C9E2AD975A10028D80E /* c_dTests.swift in Sources */,
			);
			runOnlyForDeploymentPostprocessing = 0;
		};
		EA067C9F2AD975A10028D80E /* Sources */ = {
			isa = PBXSourcesBuildPhase;
			buildActionMask = 2147483647;
			files = (
				EA067CA82AD975A10028D80E /* c_dUITests.swift in Sources */,
				EA067CAA2AD975A10028D80E /* c_dUITestsLaunchTests.swift in Sources */,
			);
			runOnlyForDeploymentPostprocessing = 0;
		};
/* End PBXSourcesBuildPhase section */

/* Begin PBXTargetDependency section */
		EA067C9B2AD975A10028D80E /* PBXTargetDependency */ = {
			isa = PBXTargetDependency;
			target = EA067C882AD975A00028D80E /* c.d */;
			targetProxy = EA067C9A2AD975A10028D80E /* PBXContainerItemProxy */;
		};
		EA067CA52AD975A10028D80E /* PBXTargetDependency */ = {
			isa = PBXTargetDependency;
			target = EA067C882AD975A00028D80E /* c.d */;
			targetProxy = EA067CA42AD975A10028D80E /* PBXContainerItemProxy */;
		};
/* End PBXTargetDependency section */

/* Begin XCBuildConfiguration section */
		EA067CAB2AD975A10028D80E /* Debug */ = {
			isa = XCBuildConfiguration;
			buildSettings = {
				ALWAYS_SEARCH_USER_PATHS = NO;
				CLANG_ANALYZER_NONNULL = YES;
				CLANG_ANALYZER_NUMBER_OBJECT_CONVERSION = YES_AGGRESSIVE;
				CLANG_CXX_LANGUAGE_STANDARD = "gnu++20";
				CLANG_ENABLE_MODULES = YES;
				CLANG_ENABLE_OBJC_ARC = YES;
				CLANG_ENABLE_OBJC_WEAK = YES;
				CLANG_WARN_BLOCK_CAPTURE_AUTORELEASING = YES;
				CLANG_WARN_BOOL_CONVERSION = YES;
				CLANG_WARN_COMMA = YES;
				CLANG_WARN_CONSTANT_CONVERSION = YES;
				CLANG_WARN_DEPRECATED_OBJC_IMPLEMENTATIONS = YES;
				CLANG_WARN_DIRECT_OBJC_ISA_USAGE = YES_ERROR;
				CLANG_WARN_DOCUMENTATION_COMMENTS = YES;
				CLANG_WARN_EMPTY_BODY = YES;
				CLANG_WARN_ENUM_CONVERSION = YES;
				CLANG_WARN_INFINITE_RECURSION = YES;
				CLANG_WARN_INT_CONVERSION = YES;
				CLANG_WARN_NON_LITERAL_NULL_CONVERSION = YES;
				CLANG_WARN_OBJC_IMPLICIT_RETAIN_SELF = YES;
				CLANG_WARN_OBJC_LITERAL_CONVERSION = YES;
				CLANG_WARN_OBJC_ROOT_CLASS = YES_ERROR;
				CLANG_WARN_QUOTED_INCLUDE_IN_FRAMEWORK_HEADER = YES;
				CLANG_WARN_RANGE_LOOP_ANALYSIS = YES;
				CLANG_WARN_STRICT_PROTOTYPES = YES;
				CLANG_WARN_SUSPICIOUS_MOVE = YES;
				CLANG_WARN_UNGUARDED_AVAILABILITY = YES_AGGRESSIVE;
				CLANG_WARN_UNREACHABLE_CODE = YES;
				CLANG_WARN__DUPLICATE_METHOD_MATCH = YES;
				COPY_PHASE_STRIP = NO;
				DEBUG_INFORMATION_FORMAT = dwarf;
				ENABLE_STRICT_OBJC_MSGSEND = YES;
				ENABLE_TESTABILITY = YES;
				GCC_C_LANGUAGE_STANDARD = gnu11;
				GCC_DYNAMIC_NO_PIC = NO;
				GCC_NO_COMMON_BLOCKS = YES;
				GCC_OPTIMIZATION_LEVEL = 0;
				GCC_PREPROCESSOR_DEFINITIONS = (
					"DEBUG=1",
					"$(inherited)",
				);
				GCC_WARN_64_TO_32_BIT_CONVERSION = YES;
				GCC_WARN_ABOUT_RETURN_TYPE = YES_ERROR;
				GCC_WARN_UNDECLARED_SELECTOR = YES;
				GCC_WARN_UNINITIALIZED_AUTOS = YES_AGGRESSIVE;
				GCC_WARN_UNUSED_FUNCTION = YES;
				GCC_WARN_UNUSED_VARIABLE = YES;
				IPHONEOS_DEPLOYMENT_TARGET = 16.4;
				MTL_ENABLE_DEBUG_INFO = INCLUDE_SOURCE;
				MTL_FAST_MATH = YES;
				ONLY_ACTIVE_ARCH = YES;
				SDKROOT = iphoneos;
				SWIFT_ACTIVE_COMPILATION_CONDITIONS = DEBUG;
				SWIFT_OPTIMIZATION_LEVEL = "-Onone";
			};
			name = Debug;
		};
		EA067CAC2AD975A10028D80E /* Release */ = {
			isa = XCBuildConfiguration;
			buildSettings = {
				ALWAYS_SEARCH_USER_PATHS = NO;
				CLANG_ANALYZER_NONNULL = YES;
				CLANG_ANALYZER_NUMBER_OBJECT_CONVERSION = YES_AGGRESSIVE;
				CLANG_CXX_LANGUAGE_STANDARD = "gnu++20";
				CLANG_ENABLE_MODULES = YES;
				CLANG_ENABLE_OBJC_ARC = YES;
				CLANG_ENABLE_OBJC_WEAK = YES;
				CLANG_WARN_BLOCK_CAPTURE_AUTORELEASING = YES;
				CLANG_WARN_BOOL_CONVERSION = YES;
				CLANG_WARN_COMMA = YES;
				CLANG_WARN_CONSTANT_CONVERSION = YES;
				CLANG_WARN_DEPRECATED_OBJC_IMPLEMENTATIONS = YES;
				CLANG_WARN_DIRECT_OBJC_ISA_USAGE = YES_ERROR;
				CLANG_WARN_DOCUMENTATION_COMMENTS = YES;
				CLANG_WARN_EMPTY_BODY = YES;
				CLANG_WARN_ENUM_CONVERSION = YES;
				CLANG_WARN_INFINITE_RECURSION = YES;
				CLANG_WARN_INT_CONVERSION = YES;
				CLANG_WARN_NON_LITERAL_NULL_CONVERSION = YES;
				CLANG_WARN_OBJC_IMPLICIT_RETAIN_SELF = YES;
				CLANG_WARN_OBJC_LITERAL_CONVERSION = YES;
				CLANG_WARN_OBJC_ROOT_CLASS = YES_ERROR;
				CLANG_WARN_QUOTED_INCLUDE_IN_FRAMEWORK_HEADER = YES;
				CLANG_WARN_RANGE_LOOP_ANALYSIS = YES;
				CLANG_WARN_STRICT_PROTOTYPES = YES;
				CLANG_WARN_SUSPICIOUS_MOVE = YES;
				CLANG_WARN_UNGUARDED_AVAILABILITY = YES_AGGRESSIVE;
				CLANG_WARN_UNREACHABLE_CODE = YES;
				CLANG_WARN__DUPLICATE_METHOD_MATCH = YES;
				COPY_PHASE_STRIP = NO;
				DEBUG_INFORMATION_FORMAT = "dwarf-with-dsym";
				ENABLE_NS_ASSERTIONS = NO;
				ENABLE_STRICT_OBJC_MSGSEND = YES;
				GCC_C_LANGUAGE_STANDARD = gnu11;
				GCC_NO_COMMON_BLOCKS = YES;
				GCC_WARN_64_TO_32_BIT_CONVERSION = YES;
				GCC_WARN_ABOUT_RETURN_TYPE = YES_ERROR;
				GCC_WARN_UNDECLARED_SELECTOR = YES;
				GCC_WARN_UNINITIALIZED_AUTOS = YES_AGGRESSIVE;
				GCC_WARN_UNUSED_FUNCTION = YES;
				GCC_WARN_UNUSED_VARIABLE = YES;
				IPHONEOS_DEPLOYMENT_TARGET = 16.4;
				MTL_ENABLE_DEBUG_INFO = NO;
				MTL_FAST_MATH = YES;
				SDKROOT = iphoneos;
				SWIFT_COMPILATION_MODE = wholemodule;
				SWIFT_OPTIMIZATION_LEVEL = "-O";
				VALIDATE_PRODUCT = YES;
			};
			name = Release;
		};
		EA067CAE2AD975A10028D80E /* Debug */ = {
			isa = XCBuildConfiguration;
			buildSettings = {
				ASSETCATALOG_COMPILER_APPICON_NAME = AppIcon;
				ASSETCATALOG_COMPILER_GLOBAL_ACCENT_COLOR_NAME = AccentColor;
				CODE_SIGN_STYLE = Automatic;
				CURRENT_PROJECT_VERSION = 1;
				DEVELOPMENT_ASSET_PATHS = "\"c.d/Preview Content\"";
				DEVELOPMENT_TEAM = 46WX9WS535;
				ENABLE_PREVIEWS = YES;
				GENERATE_INFOPLIST_FILE = YES;
				INFOPLIST_KEY_UIApplicationSceneManifest_Generation = YES;
				INFOPLIST_KEY_UIApplicationSupportsIndirectInputEvents = YES;
				INFOPLIST_KEY_UILaunchScreen_Generation = YES;
				INFOPLIST_KEY_UISupportedInterfaceOrientations_iPad = "UIInterfaceOrientationPortrait UIInterfaceOrientationPortraitUpsideDown UIInterfaceOrientationLandscapeLeft UIInterfaceOrientationLandscapeRight";
				INFOPLIST_KEY_UISupportedInterfaceOrientations_iPhone = "UIInterfaceOrientationPortrait UIInterfaceOrientationLandscapeLeft UIInterfaceOrientationLandscapeRight";
				LD_RUNPATH_SEARCH_PATHS = (
					"$(inherited)",
					"@executable_path/Frameworks",
				);
				MARKETING_VERSION = 1.0;
				PRODUCT_BUNDLE_IDENTIFIER = "com.qiuxchao.c-d";
				PRODUCT_NAME = "$(TARGET_NAME)";
				SWIFT_EMIT_LOC_STRINGS = YES;
				SWIFT_VERSION = 5.0;
				TARGETED_DEVICE_FAMILY = "1,2";
			};
			name = Debug;
		};
		EA067CAF2AD975A10028D80E /* Release */ = {
			isa = XCBuildConfiguration;
			buildSettings = {
				ASSETCATALOG_COMPILER_APPICON_NAME = AppIcon;
				ASSETCATALOG_COMPILER_GLOBAL_ACCENT_COLOR_NAME = AccentColor;
				CODE_SIGN_STYLE = Automatic;
				CURRENT_PROJECT_VERSION = 1;
				DEVELOPMENT_ASSET_PATHS = "\"c.d/Preview Content\"";
				DEVELOPMENT_TEAM = 46WX9WS535;
				ENABLE_PREVIEWS = YES;
				GENERATE_INFOPLIST_FILE = YES;
				INFOPLIST_KEY_UIApplicationSceneManifest_Generation = YES;
				INFOPLIST_KEY_UIApplicationSupportsIndirectInputEvents = YES;
				INFOPLIST_KEY_UILaunchScreen_Generation = YES;
				INFOPLIST_KEY_UISupportedInterfaceOrientations_iPad = "UIInterfaceOrientationPortrait UIInterfaceOrientationPortraitUpsideDown UIInterfaceOrientationLandscapeLeft UIInterfaceOrientationLandscapeRight";
				INFOPLIST_KEY_UISupportedInterfaceOrientations_iPhone = "UIInterfaceOrientationPortrait UIInterfaceOrientationLandscapeLeft UIInterfaceOrientationLandscapeRight";
				LD_RUNPATH_SEARCH_PATHS = (
					"$(inherited)",
					"@executable_path/Frameworks",
				);
				MARKETING_VERSION = 1.0;
				PRODUCT_BUNDLE_IDENTIFIER = "com.qiuxchao.c-d";
				PRODUCT_NAME = "$(TARGET_NAME)";
				SWIFT_EMIT_LOC_STRINGS = YES;
				SWIFT_VERSION = 5.0;
				TARGETED_DEVICE_FAMILY = "1,2";
			};
			name = Release;
		};
		EA067CB12AD975A10028D80E /* Debug */ = {
			isa = XCBuildConfiguration;
			buildSettings = {
				ALWAYS_EMBED_SWIFT_STANDARD_LIBRARIES = YES;
				BUNDLE_LOADER = "$(TEST_HOST)";
				CODE_SIGN_STYLE = Automatic;
				CURRENT_PROJECT_VERSION = 1;
				DEVELOPMENT_TEAM = 46WX9WS535;
				GENERATE_INFOPLIST_FILE = YES;
				IPHONEOS_DEPLOYMENT_TARGET = 16.4;
				MARKETING_VERSION = 1.0;
				PRODUCT_BUNDLE_IDENTIFIER = "com.qiuxchao.c-dTests";
				PRODUCT_NAME = "$(TARGET_NAME)";
				SWIFT_EMIT_LOC_STRINGS = NO;
				SWIFT_VERSION = 5.0;
				TARGETED_DEVICE_FAMILY = "1,2";
				TEST_HOST = "$(BUILT_PRODUCTS_DIR)/c.d.app/$(BUNDLE_EXECUTABLE_FOLDER_PATH)/c.d";
			};
			name = Debug;
		};
		EA067CB22AD975A10028D80E /* Release */ = {
			isa = XCBuildConfiguration;
			buildSettings = {
				ALWAYS_EMBED_SWIFT_STANDARD_LIBRARIES = YES;
				BUNDLE_LOADER = "$(TEST_HOST)";
				CODE_SIGN_STYLE = Automatic;
				CURRENT_PROJECT_VERSION = 1;
				DEVELOPMENT_TEAM = 46WX9WS535;
				GENERATE_INFOPLIST_FILE = YES;
				IPHONEOS_DEPLOYMENT_TARGET = 16.4;
				MARKETING_VERSION = 1.0;
				PRODUCT_BUNDLE_IDENTIFIER = "com.qiuxchao.c-dTests";
				PRODUCT_NAME = "$(TARGET_NAME)";
				SWIFT_EMIT_LOC_STRINGS = NO;
				SWIFT_VERSION = 5.0;
				TARGETED_DEVICE_FAMILY = "1,2";
				TEST_HOST = "$(BUILT_PRODUCTS_DIR)/c.d.app/$(BUNDLE_EXECUTABLE_FOLDER_PATH)/c.d";
			};
			name = Release;
		};
		EA067CB42AD975A10028D80E /* Debug */ = {
			isa = XCBuildConfiguration;
			buildSettings = {
				ALWAYS_EMBED_SWIFT_STANDARD_LIBRARIES = YES;
				CODE_SIGN_STYLE = Automatic;
				CURRENT_PROJECT_VERSION = 1;
				DEVELOPMENT_TEAM = 46WX9WS535;
				GENERATE_INFOPLIST_FILE = YES;
				MARKETING_VERSION = 1.0;
				PRODUCT_BUNDLE_IDENTIFIER = "com.qiuxchao.c-dUITests";
				PRODUCT_NAME = "$(TARGET_NAME)";
				SWIFT_EMIT_LOC_STRINGS = NO;
				SWIFT_VERSION = 5.0;
				TARGETED_DEVICE_FAMILY = "1,2";
				TEST_TARGET_NAME = c.d;
			};
			name = Debug;
		};
		EA067CB52AD975A10028D80E /* Release */ = {
			isa = XCBuildConfiguration;
			buildSettings = {
				ALWAYS_EMBED_SWIFT_STANDARD_LIBRARIES = YES;
				CODE_SIGN_STYLE = Automatic;
				CURRENT_PROJECT_VERSION = 1;
				DEVELOPMENT_TEAM = 46WX9WS535;
				GENERATE_INFOPLIST_FILE = YES;
				MARKETING_VERSION = 1.0;
				PRODUCT_BUNDLE_IDENTIFIER = "com.qiuxchao.c-dUITests";
				PRODUCT_NAME = "$(TARGET_NAME)";
				SWIFT_EMIT_LOC_STRINGS = NO;
				SWIFT_VERSION = 5.0;
				TARGETED_DEVICE_FAMILY = "1,2";
				TEST_TARGET_NAME = c.d;
			};
			name = Release;
		};
/* End XCBuildConfiguration section */

/* Begin XCConfigurationList section */
		EA067C842AD975A00028D80E /* Build configuration list for PBXProject "c.d" */ = {
			isa = XCConfigurationList;
			buildConfigurations = (
				EA067CAB2AD975A10028D80E /* Debug */,
				EA067CAC2AD975A10028D80E /* Release */,
			);
			defaultConfigurationIsVisible = 0;
			defaultConfigurationName = Release;
		};
		EA067CAD2AD975A10028D80E /* Build configuration list for PBXNativeTarget "c.d" */ = {
			isa = XCConfigurationList;
			buildConfigurations = (
				EA067CAE2AD975A10028D80E /* Debug */,
				EA067CAF2AD975A10028D80E /* Release */,
			);
			defaultConfigurationIsVisible = 0;
			defaultConfigurationName = Release;
		};
		EA067CB02AD975A10028D80E /* Build configuration list for PBXNativeTarget "c.dTests" */ = {
			isa = XCConfigurationList;
			buildConfigurations = (
				EA067CB12AD975A10028D80E /* Debug */,
				EA067CB22AD975A10028D80E /* Release */,
			);
			defaultConfigurationIsVisible = 0;
			defaultConfigurationName = Release;
		};
		EA067CB32AD975A10028D80E /* Build configuration list for PBXNativeTarget "c.dUITests" */ = {
			isa = XCConfigurationList;
			buildConfigurations = (
				EA067CB42AD975A10028D80E /* Debug */,
				EA067CB52AD975A10028D80E /* Release */,
			);
			defaultConfigurationIsVisible = 0;
			defaultConfigurationName = Release;
		};
/* End XCConfigurationList section */
	};
	rootObject = EA067C812AD975A00028D80E /* Project object */;
}
